
Microsoft Visual Studio Solution File, Format Version 12.00
# Visual Studio Version 17
VisualStudioVersion = 17.9.34526.213
MinimumVisualStudioVersion = 10.0.40219.1
Project("{9A19103F-16F7-4668-BE54-9A1E7A4F7556}") = "ProgressSoft.API", "ProgressSoft.API\ProgressSoft.API.csproj", "{B62EDCAB-BCB5-431E-B6C1-0E35DA2C493D}"
EndProject
Project("{9A19103F-16F7-4668-BE54-9A1E7A4F7556}") = "ProgressSoft.Core", "ProgressSoft.Core\ProgressSoft.Core.csproj", "{87637505-4106-4A81-B94F-A207E392C171}"
EndProject
Project("{9A19103F-16F7-4668-BE54-9A1E7A4F7556}") = "ProgressSoft.EF", "ProgressSoft.EF\ProgressSoft.EF.csproj", "{7229A7AB-7769-48D9-B4FC-153E4103B43E}"
EndProject
Project("{9A19103F-16F7-4668-BE54-9A1E7A4F7556}") = "FileGenrator", "QRCodeGenrator\FileGenrator.csproj", "{669A9008-E1CA-4C87-AF60-46B4573AFDEB}"
EndProject
Project("{FAE04EC0-301F-11D3-BF4B-00C04F79EFBC}") = "ProgressSoft.Test", "ProgressSoft.Test\ProgressSoft.Test.csproj", "{DAD4F50A-4847-4564-BA88-AB1DE55DEDA6}"
EndProject
Global
	GlobalSection(SolutionConfigurationPlatforms) = preSolution
		Debug|Any CPU = Debug|Any CPU
		Release|Any CPU = Release|Any CPU
	EndGlobalSection
	GlobalSection(ProjectConfigurationPlatforms) = postSolution
		{B62EDCAB-BCB5-431E-B6C1-0E35DA2C493D}.Debug|Any CPU.ActiveCfg = Debug|Any CPU
		{B62EDCAB-BCB5-431E-B6C1-0E35DA2C493D}.Debug|Any CPU.Build.0 = Debug|Any CPU
		{B62EDCAB-BCB5-431E-B6C1-0E35DA2C493D}.Release|Any CPU.ActiveCfg = Release|Any CPU
		{B62EDCAB-BCB5-431E-B6C1-0E35DA2C493D}.Release|Any CPU.Build.0 = Release|Any CPU
		{87637505-4106-4A81-B94F-A207E392C171}.Debug|Any CPU.ActiveCfg = Debug|Any CPU
		{87637505-4106-4A81-B94F-A207E392C171}.Debug|Any CPU.Build.0 = Debug|Any CPU
		{87637505-4106-4A81-B94F-A207E392C171}.Release|Any CPU.ActiveCfg = Release|Any CPU
		{87637505-4106-4A81-B94F-A207E392C171}.Release|Any CPU.Build.0 = Release|Any CPU
		{7229A7AB-7769-48D9-B4FC-153E4103B43E}.Debug|Any CPU.ActiveCfg = Debug|Any CPU
		{7229A7AB-7769-48D9-B4FC-153E4103B43E}.Debug|Any CPU.Build.0 = Debug|Any CPU
		{7229A7AB-7769-48D9-B4FC-153E4103B43E}.Release|Any CPU.ActiveCfg = Release|Any CPU
		{7229A7AB-7769-48D9-B4FC-153E4103B43E}.Release|Any CPU.Build.0 = Release|Any CPU
		{669A9008-E1CA-4C87-AF60-46B4573AFDEB}.Debug|Any CPU.ActiveCfg = Debug|Any CPU
		{669A9008-E1CA-4C87-AF60-46B4573AFDEB}.Debug|Any CPU.Build.0 = Debug|Any CPU
		{669A9008-E1CA-4C87-AF60-46B4573AFDEB}.Release|Any CPU.ActiveCfg = Release|Any CPU
		{669A9008-E1CA-4C87-AF60-46B4573AFDEB}.Release|Any CPU.Build.0 = Release|Any CPU
		{DAD4F50A-4847-4564-BA88-AB1DE55DEDA6}.Debug|Any CPU.ActiveCfg = Debug|Any CPU
		{DAD4F50A-4847-4564-BA88-AB1DE55DEDA6}.Debug|Any CPU.Build.0 = Debug|Any CPU
		{DAD4F50A-4847-4564-BA88-AB1DE55DEDA6}.Release|Any CPU.ActiveCfg = Release|Any CPU
		{DAD4F50A-4847-4564-BA88-AB1DE55DEDA6}.Release|Any CPU.Build.0 = Release|Any CPU
	EndGlobalSection
	GlobalSection(SolutionProperties) = preSolution
		HideSolutionNode = FALSE
	EndGlobalSection
	GlobalSection(ExtensibilityGlobals) = postSolution
		SolutionGuid = {E94E1106-B973-4316-A1F8-F0FC8A24FA42}
	EndGlobalSection
EndGlobal
